{
  "name": "@alexandrakam/platformsnew",
  "version": "1.0.0",
  "lockfileVersion": 2,
  "requires": true,
  "packages": {
    "": {
      "name": "@alexandrakam/platformsnew",
      "version": "1.0.0",
      "license": "ISC",
      "dependencies": {
        "@alexandrakam/platforms": "1.0.0"
      }
    },
    "node_modules/@alexandrakam/platforms": {
      "version": "1.0.0",
      "resolved": "https://npm.pkg.github.com/download/@alexandrakam/platforms/1.0.0/e9180b88a12c9cd9a2eb82a963454ac97844b7a03b487ba6aaa30f5b39f04ffa",
      "integrity": "sha512-IsXfvlEiaH4KHpc6WXS44dF+WDUea+IgigYdHZ1oHJM1uSlvyFDY5rMiAwqVLDNeUpYaXThKVTwLryZ58pV7aQ==",
      "license": "ISC"
    }
  },
  "dependencies": {
    "@alexandrakam/platforms": {
      "version": "1.0.0",
      "resolved": "https://npm.pkg.github.com/download/@alexandrakam/platforms/1.0.0/e9180b88a12c9cd9a2eb82a963454ac97844b7a03b487ba6aaa30f5b39f04ffa",
      "integrity": "sha512-IsXfvlEiaH4KHpc6WXS44dF+WDUea+IgigYdHZ1oHJM1uSlvyFDY5rMiAwqVLDNeUpYaXThKVTwLryZ58pV7aQ=="
    }
  }
}
